
Microsoft Visual Studio Solution File, Format Version 12.00
# Visual Studio 2012
Project("{FAE04EC0-301F-11D3-BF4B-00C04F79EFBC}") = "HomeSurfer.Models", "HomeSurferModels\HomeSurfer.Models.csproj", "{51C942E2-044D-4D41-8B6A-EE6BA837F2D9}"
EndProject
Project("{FAE04EC0-301F-11D3-BF4B-00C04F79EFBC}") = "HomeSurfer.Data", "Data\HomeSurfer.Data.csproj", "{ED90F235-D6FD-4633-B50C-BB14C7C26B2C}"
EndProject
Project("{FAE04EC0-301F-11D3-BF4B-00C04F79EFBC}") = "HomeSurfer.Console", "HomeSurfer.Console\HomeSurfer.Console.csproj", "{70BEA236-D3AB-42C4-9ECD-EDC6A8DA1836}"
EndProject
Project("{FAE04EC0-301F-11D3-BF4B-00C04F79EFBC}") = "HomeSurfer.Web", "HomeSurfer.Web\HomeSurfer.Web.csproj", "{653197BA-D5AB-4CF0-8DD4-37E45B7E1BE4}"
EndProject
Global
	GlobalSection(SolutionConfigurationPlatforms) = preSolution
		Debug|Any CPU = Debug|Any CPU
		Release|Any CPU = Release|Any CPU
	EndGlobalSection
	GlobalSection(ProjectConfigurationPlatforms) = postSolution
		{51C942E2-044D-4D41-8B6A-EE6BA837F2D9}.Debug|Any CPU.ActiveCfg = Debug|Any CPU
		{51C942E2-044D-4D41-8B6A-EE6BA837F2D9}.Debug|Any CPU.Build.0 = Debug|Any CPU
		{51C942E2-044D-4D41-8B6A-EE6BA837F2D9}.Release|Any CPU.ActiveCfg = Release|Any CPU
		{51C942E2-044D-4D41-8B6A-EE6BA837F2D9}.Release|Any CPU.Build.0 = Release|Any CPU
		{ED90F235-D6FD-4633-B50C-BB14C7C26B2C}.Debug|Any CPU.ActiveCfg = Debug|Any CPU
		{ED90F235-D6FD-4633-B50C-BB14C7C26B2C}.Debug|Any CPU.Build.0 = Debug|Any CPU
		{ED90F235-D6FD-4633-B50C-BB14C7C26B2C}.Release|Any CPU.ActiveCfg = Release|Any CPU
		{ED90F235-D6FD-4633-B50C-BB14C7C26B2C}.Release|Any CPU.Build.0 = Release|Any CPU
		{70BEA236-D3AB-42C4-9ECD-EDC6A8DA1836}.Debug|Any CPU.ActiveCfg = Debug|Any CPU
		{70BEA236-D3AB-42C4-9ECD-EDC6A8DA1836}.Debug|Any CPU.Build.0 = Debug|Any CPU
		{70BEA236-D3AB-42C4-9ECD-EDC6A8DA1836}.Release|Any CPU.ActiveCfg = Release|Any CPU
		{70BEA236-D3AB-42C4-9ECD-EDC6A8DA1836}.Release|Any CPU.Build.0 = Release|Any CPU
		{653197BA-D5AB-4CF0-8DD4-37E45B7E1BE4}.Debug|Any CPU.ActiveCfg = Debug|Any CPU
		{653197BA-D5AB-4CF0-8DD4-37E45B7E1BE4}.Debug|Any CPU.Build.0 = Debug|Any CPU
		{653197BA-D5AB-4CF0-8DD4-37E45B7E1BE4}.Release|Any CPU.ActiveCfg = Release|Any CPU
		{653197BA-D5AB-4CF0-8DD4-37E45B7E1BE4}.Release|Any CPU.Build.0 = Release|Any CPU
	EndGlobalSection
	GlobalSection(SolutionProperties) = preSolution
		HideSolutionNode = FALSE
	EndGlobalSection
EndGlobal
